// !$*UTF8*$!
{
	archiveVersion = 1;
	classes = {
	};
	objectVersion = 46;
	objects = {

/* Begin PBXBuildFile section */
		443B8DD41D09FE2F00F5CDBB /* AppDelegate.swift in Sources */ = {isa = PBXBuildFile; fileRef = 443B8DD31D09FE2F00F5CDBB /* AppDelegate.swift */; };
		443B8DD61D09FE2F00F5CDBB /* ViewController.swift in Sources */ = {isa = PBXBuildFile; fileRef = 443B8DD51D09FE2F00F5CDBB /* ViewController.swift */; };
		443B8DD91D09FE2F00F5CDBB /* Main.storyboard in Resources */ = {isa = PBXBuildFile; fileRef = 443B8DD71D09FE2F00F5CDBB /* Main.storyboard */; };
		443B8DDB1D09FE2F00F5CDBB /* Assets.xcassets in Resources */ = {isa = PBXBuildFile; fileRef = 443B8DDA1D09FE2F00F5CDBB /* Assets.xcassets */; };
		443B8DDE1D09FE2F00F5CDBB /* LaunchScreen.storyboard in Resources */ = {isa = PBXBuildFile; fileRef = 443B8DDC1D09FE2F00F5CDBB /* LaunchScreen.storyboard */; };
		443B8DE91D09FE2F00F5CDBB /* LunarTimesTests.swift in Sources */ = {isa = PBXBuildFile; fileRef = 443B8DE81D09FE2F00F5CDBB /* LunarTimesTests.swift */; };
/* End PBXBuildFile section */

/* Begin PBXContainerItemProxy section */
		443B8DE51D09FE2F00F5CDBB /* PBXContainerItemProxy */ = {
			isa = PBXContainerItemProxy;
			containerPortal = 443B8DC81D09FE2F00F5CDBB /* Project object */;
			proxyType = 1;
			remoteGlobalIDString = 443B8DCF1D09FE2F00F5CDBB;
			remoteInfo = LunarTimes;
		};
/* End PBXContainerItemProxy section */

/* Begin PBXFileReference section */
		443B8DD01D09FE2F00F5CDBB /* LunarTimes.app */ = {isa = PBXFileReference; explicitFileType = wrapper.application; includeInIndex = 0; path = LunarTimes.app; sourceTree = BUILT_PRODUCTS_DIR; };
		443B8DD31D09FE2F00F5CDBB /* AppDelegate.swift */ = {isa = PBXFileReference; lastKnownFileType = sourcecode.swift; path = AppDelegate.swift; sourceTree = "<group>"; };
		443B8DD51D09FE2F00F5CDBB /* ViewController.swift */ = {isa = PBXFileReference; lastKnownFileType = sourcecode.swift; path = ViewController.swift; sourceTree = "<group>"; };
		443B8DD81D09FE2F00F5CDBB /* Base */ = {isa = PBXFileReference; lastKnownFileType = file.storyboard; name = Base; path = Base.lproj/Main.storyboard; sourceTree = "<group>"; };
		443B8DDA1D09FE2F00F5CDBB /* Assets.xcassets */ = {isa = PBXFileReference; lastKnownFileType = folder.assetcatalog; path = Assets.xcassets; sourceTree = "<group>"; };
		443B8DDD1D09FE2F00F5CDBB /* Base */ = {isa = PBXFileReference; lastKnownFileType = file.storyboard; name = Base; path = Base.lproj/LaunchScreen.storyboard; sourceTree = "<group>"; };
		443B8DDF1D09FE2F00F5CDBB /* Info.plist */ = {isa = PBXFileReference; lastKnownFileType = text.plist.xml; path = Info.plist; sourceTree = "<group>"; };
		443B8DE41D09FE2F00F5CDBB /* LunarTimesTests.xctest */ = {isa = PBXFileReference; explicitFileType = wrapper.cfbundle; includeInIndex = 0; path = LunarTimesTests.xctest; sourceTree = BUILT_PRODUCTS_DIR; };
		443B8DE81D09FE2F00F5CDBB /* LunarTimesTests.swift */ = {isa = PBXFileReference; lastKnownFileType = sourcecode.swift; path = LunarTimesTests.swift; sourceTree = "<group>"; };
		443B8DEA1D09FE2F00F5CDBB /* Info.plist */ = {isa = PBXFileReference; lastKnownFileType = text.plist.xml; path = Info.plist; sourceTree = "<group>"; };
/* End PBXFileReference section */

/* Begin PBXFrameworksBuildPhase section */
		443B8DCD1D09FE2F00F5CDBB /* Frameworks */ = {
			isa = PBXFrameworksBuildPhase;
			buildActionMask = 2147483647;
			files = (
			);
			runOnlyForDeploymentPostprocessing = 0;
		};
		443B8DE11D09FE2F00F5CDBB /* Frameworks */ = {
			isa = PBXFrameworksBuildPhase;
			buildActionMask = 2147483647;
			files = (
			);
			runOnlyForDeploymentPostprocessing = 0;
		};
/* End PBXFrameworksBuildPhase section */

/* Begin PBXGroup section */
		443B8DC71D09FE2F00F5CDBB = {
			isa = PBXGroup;
			children = (
				443B8DD21D09FE2F00F5CDBB /* LunarTimes */,
				443B8DE71D09FE2F00F5CDBB /* LunarTimesTests */,
				443B8DD11D09FE2F00F5CDBB /* Products */,
			);
			sourceTree = "<group>";
		};
		443B8DD11D09FE2F00F5CDBB /* Products */ = {
			isa = PBXGroup;
			children = (
				443B8DD01D09FE2F00F5CDBB /* LunarTimes.app */,
				443B8DE41D09FE2F00F5CDBB /* LunarTimesTests.xctest */,
			);
			name = Products;
			sourceTree = "<group>";
		};
		443B8DD21D09FE2F00F5CDBB /* LunarTimes */ = {
			isa = PBXGroup;
			children = (
				443B8DD31D09FE2F00F5CDBB /* AppDelegate.swift */,
				443B8DD51D09FE2F00F5CDBB /* ViewController.swift */,
				443B8DD71D09FE2F00F5CDBB /* Main.storyboard */,
				443B8DDA1D09FE2F00F5CDBB /* Assets.xcassets */,
				443B8DDC1D09FE2F00F5CDBB /* LaunchScreen.storyboard */,
				443B8DDF1D09FE2F00F5CDBB /* Info.plist */,
			);
			path = LunarTimes;
			sourceTree = "<group>";
		};
		443B8DE71D09FE2F00F5CDBB /* LunarTimesTests */ = {
			isa = PBXGroup;
			children = (
				443B8DE81D09FE2F00F5CDBB /* LunarTimesTests.swift */,
				443B8DEA1D09FE2F00F5CDBB /* Info.plist */,
			);
			path = LunarTimesTests;
			sourceTree = "<group>";
		};
/* End PBXGroup section */

/* Begin PBXNativeTarget section */
		443B8DCF1D09FE2F00F5CDBB /* LunarTimes */ = {
			isa = PBXNativeTarget;
			buildConfigurationList = 443B8DED1D09FE2F00F5CDBB /* Build configuration list for PBXNativeTarget "LunarTimes" */;
			buildPhases = (
				443B8DCC1D09FE2F00F5CDBB /* Sources */,
				443B8DCD1D09FE2F00F5CDBB /* Frameworks */,
				443B8DCE1D09FE2F00F5CDBB /* Resources */,
			);
			buildRules = (
			);
			dependencies = (
			);
			name = LunarTimes;
			productName = LunarTimes;
			productReference = 443B8DD01D09FE2F00F5CDBB /* LunarTimes.app */;
			productType = "com.apple.product-type.application";
		};
		443B8DE31D09FE2F00F5CDBB /* LunarTimesTests */ = {
			isa = PBXNativeTarget;
			buildConfigurationList = 443B8DF01D09FE2F00F5CDBB /* Build configuration list for PBXNativeTarget "LunarTimesTests" */;
			buildPhases = (
				443B8DE01D09FE2F00F5CDBB /* Sources */,
				443B8DE11D09FE2F00F5CDBB /* Frameworks */,
				443B8DE21D09FE2F00F5CDBB /* Resources */,
			);
			buildRules = (
			);
			dependencies = (
				443B8DE61D09FE2F00F5CDBB /* PBXTargetDependency */,
			);
			name = LunarTimesTests;
			productName = LunarTimesTests;
			productReference = 443B8DE41D09FE2F00F5CDBB /* LunarTimesTests.xctest */;
			productType = "com.apple.product-type.bundle.unit-test";
		};
/* End PBXNativeTarget section */

/* Begin PBXProject section */
		443B8DC81D09FE2F00F5CDBB /* Project object */ = {
			isa = PBXProject;
			attributes = {
				LastSwiftUpdateCheck = 0730;
				LastUpgradeCheck = 0730;
				ORGANIZATIONNAME = LetsHangLLC;
				TargetAttributes = {
					443B8DCF1D09FE2F00F5CDBB = {
						CreatedOnToolsVersion = 7.3.1;
					};
					443B8DE31D09FE2F00F5CDBB = {
						CreatedOnToolsVersion = 7.3.1;
						TestTargetID = 443B8DCF1D09FE2F00F5CDBB;
					};
				};
			};
			buildConfigurationList = 443B8DCB1D09FE2F00F5CDBB /* Build configuration list for PBXProject "LunarTimes" */;
			compatibilityVersion = "Xcode 3.2";
			developmentRegion = English;
			hasScannedForEncodings = 0;
			knownRegions = (
				en,
				Base,
			);
			mainGroup = 443B8DC71D09FE2F00F5CDBB;
			productRefGroup = 443B8DD11D09FE2F00F5CDBB /* Products */;
			projectDirPath = "";
			projectRoot = "";
			targets = (
				443B8DCF1D09FE2F00F5CDBB /* LunarTimes */,
				443B8DE31D09FE2F00F5CDBB /* LunarTimesTests */,
			);
		};
/* End PBXProject section */

/* Begin PBXResourcesBuildPhase section */
		443B8DCE1D09FE2F00F5CDBB /* Resources */ = {
			isa = PBXResourcesBuildPhase;
			buildActionMask = 2147483647;
			files = (
				443B8DDE1D09FE2F00F5CDBB /* LaunchScreen.storyboard in Resources */,
				443B8DDB1D09FE2F00F5CDBB /* Assets.xcassets in Resources */,
				443B8DD91D09FE2F00F5CDBB /* Main.storyboard in Resources */,
			);
			runOnlyForDeploymentPostprocessing = 0;
		};
		443B8DE21D09FE2F00F5CDBB /* Resources */ = {
			isa = PBXResourcesBuildPhase;
			buildActionMask = 2147483647;
			files = (
			);
			runOnlyForDeploymentPostprocessing = 0;
		};
/* End PBXResourcesBuildPhase section */

/* Begin PBXSourcesBuildPhase section */
		443B8DCC1D09FE2F00F5CDBB /* Sources */ = {
			isa = PBXSourcesBuildPhase;
			buildActionMask = 2147483647;
			files = (
				443B8DD61D09FE2F00F5CDBB /* ViewController.swift in Sources */,
				443B8DD41D09FE2F00F5CDBB /* AppDelegate.swift in Sources */,
			);
			runOnlyForDeploymentPostprocessing = 0;
		};
		443B8DE01D09FE2F00F5CDBB /* Sources */ = {
			isa = PBXSourcesBuildPhase;
			buildActionMask = 2147483647;
			files = (
				443B8DE91D09FE2F00F5CDBB /* LunarTimesTests.swift in Sources */,
			);
			runOnlyForDeploymentPostprocessing = 0;
		};
/* End PBXSourcesBuildPhase section */

/* Begin PBXTargetDependency section */
		443B8DE61D09FE2F00F5CDBB /* PBXTargetDependency */ = {
			isa = PBXTargetDependency;
			target = 443B8DCF1D09FE2F00F5CDBB /* LunarTimes */;
			targetProxy = 443B8DE51D09FE2F00F5CDBB /* PBXContainerItemProxy */;
		};
/* End PBXTargetDependency section */

/* Begin PBXVariantGroup section */
		443B8DD71D09FE2F00F5CDBB /* Main.storyboard */ = {
			isa = PBXVariantGroup;
			children = (
				443B8DD81D09FE2F00F5CDBB /* Base */,
			);
			name = Main.storyboard;
			sourceTree = "<group>";
		};
		443B8DDC1D09FE2F00F5CDBB /* LaunchScreen.storyboard */ = {
			isa = PBXVariantGroup;
			children = (
				443B8DDD1D09FE2F00F5CDBB /* Base */,
			);
			name = LaunchScreen.storyboard;
			sourceTree = "<group>";
		};
/* End PBXVariantGroup section */

/* Begin XCBuildConfiguration section */
		443B8DEB1D09FE2F00F5CDBB /* Debug */ = {
			isa = XCBuildConfiguration;
			buildSettings = {
				ALWAYS_SEARCH_USER_PATHS = NO;
				CLANG_ANALYZER_NONNULL = YES;
				CLANG_CXX_LANGUAGE_STANDARD = "gnu++0x";
				CLANG_CXX_LIBRARY = "libc++";
				CLANG_ENABLE_MODULES = YES;
				CLANG_ENABLE_OBJC_ARC = YES;
				CLANG_WARN_BOOL_CONVERSION = YES;
				CLANG_WARN_CONSTANT_CONVERSION = YES;
				CLANG_WARN_DIRECT_OBJC_ISA_USAGE = YES_ERROR;
				CLANG_WARN_EMPTY_BODY = YES;
				CLANG_WARN_ENUM_CONVERSION = YES;
				CLANG_WARN_INT_CONVERSION = YES;
				CLANG_WARN_OBJC_ROOT_CLASS = YES_ERROR;
				CLANG_WARN_UNREACHABLE_CODE = YES;
				CLANG_WARN__DUPLICATE_METHOD_MATCH = YES;
				"CODE_SIGN_IDENTITY[sdk=iphoneos*]" = "iPhone Developer";
				COPY_PHASE_STRIP = NO;
				DEBUG_INFORMATION_FORMAT = dwarf;
				ENABLE_STRICT_OBJC_MSGSEND = YES;
				ENABLE_TESTABILITY = YES;
				GCC_C_LANGUAGE_STANDARD = gnu99;
				GCC_DYNAMIC_NO_PIC = NO;
				GCC_NO_COMMON_BLOCKS = YES;
				GCC_OPTIMIZATION_LEVEL = 0;
				GCC_PREPROCESSOR_DEFINITIONS = (
					"DEBUG=1",
					"$(inherited)",
				);
				GCC_WARN_64_TO_32_BIT_CONVERSION = YES;
				GCC_WARN_ABOUT_RETURN_TYPE = YES_ERROR;
				GCC_WARN_UNDECLARED_SELECTOR = YES;
				GCC_WARN_UNINITIALIZED_AUTOS = YES_AGGRESSIVE;
				GCC_WARN_UNUSED_FUNCTION = YES;
				GCC_WARN_UNUSED_VARIABLE = YES;
				IPHONEOS_DEPLOYMENT_TARGET = 9.3;
				MTL_ENABLE_DEBUG_INFO = YES;
				ONLY_ACTIVE_ARCH = YES;
				SDKROOT = iphoneos;
				SWIFT_OPTIMIZATION_LEVEL = "-Onone";
				TARGETED_DEVICE_FAMILY = "1,2";
			};
			name = Debug;
		};
		443B8DEC1D09FE2F00F5CDBB /* Release */ = {
			isa = XCBuildConfiguration;
			buildSettings = {
				ALWAYS_SEARCH_USER_PATHS = NO;
				CLANG_ANALYZER_NONNULL = YES;
				CLANG_CXX_LANGUAGE_STANDARD = "gnu++0x";
				CLANG_CXX_LIBRARY = "libc++";
				CLANG_ENABLE_MODULES = YES;
				CLANG_ENABLE_OBJC_ARC = YES;
				CLANG_WARN_BOOL_CONVERSION = YES;
				CLANG_WARN_CONSTANT_CONVERSION = YES;
				CLANG_WARN_DIRECT_OBJC_ISA_USAGE = YES_ERROR;
				CLANG_WARN_EMPTY_BODY = YES;
				CLANG_WARN_ENUM_CONVERSION = YES;
				CLANG_WARN_INT_CONVERSION = YES;
				CLANG_WARN_OBJC_ROOT_CLASS = YES_ERROR;
				CLANG_WARN_UNREACHABLE_CODE = YES;
				CLANG_WARN__DUPLICATE_METHOD_MATCH = YES;
				"CODE_SIGN_IDENTITY[sdk=iphoneos*]" = "iPhone Developer";
				COPY_PHASE_STRIP = NO;
				DEBUG_INFORMATION_FORMAT = "dwarf-with-dsym";
				ENABLE_NS_ASSERTIONS = NO;
				ENABLE_STRICT_OBJC_MSGSEND = YES;
				GCC_C_LANGUAGE_STANDARD = gnu99;
				GCC_NO_COMMON_BLOCKS = YES;
				GCC_WARN_64_TO_32_BIT_CONVERSION = YES;
				GCC_WARN_ABOUT_RETURN_TYPE = YES_ERROR;
				GCC_WARN_UNDECLARED_SELECTOR = YES;
				GCC_WARN_UNINITIALIZED_AUTOS = YES_AGGRESSIVE;
				GCC_WARN_UNUSED_FUNCTION = YES;
				GCC_WARN_UNUSED_VARIABLE = YES;
				IPHONEOS_DEPLOYMENT_TARGET = 9.3;
				MTL_ENABLE_DEBUG_INFO = NO;
				SDKROOT = iphoneos;
				TARGETED_DEVICE_FAMILY = "1,2";
				VALIDATE_PRODUCT = YES;
			};
			name = Release;
		};
		443B8DEE1D09FE2F00F5CDBB /* Debug */ = {
			isa = XCBuildConfiguration;
			buildSettings = {
				ASSETCATALOG_COMPILER_APPICON_NAME = AppIcon;
				INFOPLIST_FILE = LunarTimes/Info.plist;
				LD_RUNPATH_SEARCH_PATHS = "$(inherited) @executable_path/Frameworks";
				PRODUCT_BUNDLE_IDENTIFIER = us.letshang.LunarTimes;
				PRODUCT_NAME = "$(TARGET_NAME)";
			};
			name = Debug;
		};
		443B8DEF1D09FE2F00F5CDBB /* Release */ = {
			isa = XCBuildConfiguration;
			buildSettings = {
				ASSETCATALOG_COMPILER_APPICON_NAME = AppIcon;
				INFOPLIST_FILE = LunarTimes/Info.plist;
				LD_RUNPATH_SEARCH_PATHS = "$(inherited) @executable_path/Frameworks";
				PRODUCT_BUNDLE_IDENTIFIER = us.letshang.LunarTimes;
				PRODUCT_NAME = "$(TARGET_NAME)";
			};
			name = Release;
		};
		443B8DF11D09FE2F00F5CDBB /* Debug */ = {
			isa = XCBuildConfiguration;
			buildSettings = {
				BUNDLE_LOADER = "$(TEST_HOST)";
				INFOPLIST_FILE = LunarTimesTests/Info.plist;
				LD_RUNPATH_SEARCH_PATHS = "$(inherited) @executable_path/Frameworks @loader_path/Frameworks";
				PRODUCT_BUNDLE_IDENTIFIER = us.letshang.LunarTimesTests;
				PRODUCT_NAME = "$(TARGET_NAME)";
				TEST_HOST = "$(BUILT_PRODUCTS_DIR)/LunarTimes.app/LunarTimes";
			};
			name = Debug;
		};
		443B8DF21D09FE2F00F5CDBB /* Release */ = {
			isa = XCBuildConfiguration;
			buildSettings = {
				BUNDLE_LOADER = "$(TEST_HOST)";
				INFOPLIST_FILE = LunarTimesTests/Info.plist;
				LD_RUNPATH_SEARCH_PATHS = "$(inherited) @executable_path/Frameworks @loader_path/Frameworks";
				PRODUCT_BUNDLE_IDENTIFIER = us.letshang.LunarTimesTests;
				PRODUCT_NAME = "$(TARGET_NAME)";
				TEST_HOST = "$(BUILT_PRODUCTS_DIR)/LunarTimes.app/LunarTimes";
			};
			name = Release;
		};
/* End XCBuildConfiguration section */

/* Begin XCConfigurationList section */
		443B8DCB1D09FE2F00F5CDBB /* Build configuration list for PBXProject "LunarTimes" */ = {
			isa = XCConfigurationList;
			buildConfigurations = (
				443B8DEB1D09FE2F00F5CDBB /* Debug */,
				443B8DEC1D09FE2F00F5CDBB /* Release */,
			);
			defaultConfigurationIsVisible = 0;
			defaultConfigurationName = Release;
		};
		443B8DED1D09FE2F00F5CDBB /* Build configuration list for PBXNativeTarget "LunarTimes" */ = {
			isa = XCConfigurationList;
			buildConfigurations = (
				443B8DEE1D09FE2F00F5CDBB /* Debug */,
				443B8DEF1D09FE2F00F5CDBB /* Release */,
			);
			defaultConfigurationIsVisible = 0;
		};
		443B8DF01D09FE2F00F5CDBB /* Build configuration list for PBXNativeTarget "LunarTimesTests" */ = {
			isa = XCConfigurationList;
			buildConfigurations = (
				443B8DF11D09FE2F00F5CDBB /* Debug */,
				443B8DF21D09FE2F00F5CDBB /* Release */,
			);
			defaultConfigurationIsVisible = 0;
		};
/* End XCConfigurationList section */
	};
	rootObject = 443B8DC81D09FE2F00F5CDBB /* Project object */;
}
