// !$*UTF8*$!
{
	archiveVersion = 1;
	classes = {
	};
	objectVersion = 46;
	objects = {

/* Begin PBXBuildFile section */
		4401C5941D156D8800700CE3 /* Main.storyboard in Resources */ = {isa = PBXBuildFile; fileRef = 4401C5921D156D8800700CE3 /* Main.storyboard */; };
		443B8DD41D09FE2F00F5CDBB /* AppDelegate.swift in Sources */ = {isa = PBXBuildFile; fileRef = 443B8DD31D09FE2F00F5CDBB /* AppDelegate.swift */; };
		443B8DD61D09FE2F00F5CDBB /* SunriseViewController.swift in Sources */ = {isa = PBXBuildFile; fileRef = 443B8DD51D09FE2F00F5CDBB /* SunriseViewController.swift */; };
		443B8DDB1D09FE2F00F5CDBB /* Assets.xcassets in Resources */ = {isa = PBXBuildFile; fileRef = 443B8DDA1D09FE2F00F5CDBB /* Assets.xcassets */; };
		443B8DDE1D09FE2F00F5CDBB /* LaunchScreen.storyboard in Resources */ = {isa = PBXBuildFile; fileRef = 443B8DDC1D09FE2F00F5CDBB /* LaunchScreen.storyboard */; };
		443B8DE91D09FE2F00F5CDBB /* LunarTimesTests.swift in Sources */ = {isa = PBXBuildFile; fileRef = 443B8DE81D09FE2F00F5CDBB /* LunarTimesTests.swift */; };
		50F76D16C96E258C66CECA8F /* Pods_Sunrise___Sunset.framework in Frameworks */ = {isa = PBXBuildFile; fileRef = 7369F129C4A0BE6BC13B3578 /* Pods_Sunrise___Sunset.framework */; };
		6F5B2FD234A3F3EB7BB6CCE8 /* Pods_Sunrise___SunsetTests.framework in Frameworks */ = {isa = PBXBuildFile; fileRef = C631C5D24740823C9ADEB579 /* Pods_Sunrise___SunsetTests.framework */; };
		E018307C23BFF1D8007DED35 /* WeatherInfoViewController.swift in Sources */ = {isa = PBXBuildFile; fileRef = E018307B23BFF1D8007DED35 /* WeatherInfoViewController.swift */; };
		E048EB36217FF017008A4807 /* ColorsConfig.swift in Sources */ = {isa = PBXBuildFile; fileRef = E048EB35217FF017008A4807 /* ColorsConfig.swift */; };
		E0660B0523B5883400A19E07 /* HourlyWeatherViewController.swift in Sources */ = {isa = PBXBuildFile; fileRef = E0660B0423B5883400A19E07 /* HourlyWeatherViewController.swift */; };
		E06F4D2B23C0DF880018BAD8 /* TwoColumnCollectionFlow.swift in Sources */ = {isa = PBXBuildFile; fileRef = E06F4D2A23C0DF880018BAD8 /* TwoColumnCollectionFlow.swift */; };
		E07534781ED89BED007D372B /* GoogleService-Info.plist in Resources */ = {isa = PBXBuildFile; fileRef = E07534771ED89BED007D372B /* GoogleService-Info.plist */; };
		E07534791ED89BED007D372B /* GoogleService-Info.plist in Resources */ = {isa = PBXBuildFile; fileRef = E07534771ED89BED007D372B /* GoogleService-Info.plist */; };
		E094B75423B29B08002AACA6 /* WeatherViewController.swift in Sources */ = {isa = PBXBuildFile; fileRef = E094B75323B29B08002AACA6 /* WeatherViewController.swift */; };
		E094B75623B29B64002AACA6 /* WeatherRequest.swift in Sources */ = {isa = PBXBuildFile; fileRef = E094B75523B29B64002AACA6 /* WeatherRequest.swift */; };
		E094B75823B29EF2002AACA6 /* TabBarViewController.swift in Sources */ = {isa = PBXBuildFile; fileRef = E094B75723B29EF2002AACA6 /* TabBarViewController.swift */; };
		E0D5A44A232D191A00E10FE0 /* SunriseSunsetRequest.swift in Sources */ = {isa = PBXBuildFile; fileRef = E0D5A449232D191A00E10FE0 /* SunriseSunsetRequest.swift */; };
/* End PBXBuildFile section */

/* Begin PBXContainerItemProxy section */
		443B8DE51D09FE2F00F5CDBB /* PBXContainerItemProxy */ = {
			isa = PBXContainerItemProxy;
			containerPortal = 443B8DC81D09FE2F00F5CDBB /* Project object */;
			proxyType = 1;
			remoteGlobalIDString = 443B8DCF1D09FE2F00F5CDBB;
			remoteInfo = LunarTimes;
		};
/* End PBXContainerItemProxy section */

/* Begin PBXFileReference section */
		0F8C1B319C80B4DC413629E8 /* Pods-Sunrise & Sunset.release.xcconfig */ = {isa = PBXFileReference; includeInIndex = 1; lastKnownFileType = text.xcconfig; name = "Pods-Sunrise & Sunset.release.xcconfig"; path = "Pods/Target Support Files/Pods-Sunrise & Sunset/Pods-Sunrise & Sunset.release.xcconfig"; sourceTree = "<group>"; };
		3D429924C83A5D7C2911287E /* Pods-Sunrise & SunsetTests.release.xcconfig */ = {isa = PBXFileReference; includeInIndex = 1; lastKnownFileType = text.xcconfig; name = "Pods-Sunrise & SunsetTests.release.xcconfig"; path = "Pods/Target Support Files/Pods-Sunrise & SunsetTests/Pods-Sunrise & SunsetTests.release.xcconfig"; sourceTree = "<group>"; };
		4401C5931D156D8800700CE3 /* Base */ = {isa = PBXFileReference; lastKnownFileType = file.storyboard; name = Base; path = Base.lproj/Main.storyboard; sourceTree = "<group>"; };
		443B8DD01D09FE2F00F5CDBB /* Sunrise & Sunset.app */ = {isa = PBXFileReference; explicitFileType = wrapper.application; includeInIndex = 0; path = "Sunrise & Sunset.app"; sourceTree = BUILT_PRODUCTS_DIR; };
		443B8DD31D09FE2F00F5CDBB /* AppDelegate.swift */ = {isa = PBXFileReference; lastKnownFileType = sourcecode.swift; path = AppDelegate.swift; sourceTree = "<group>"; };
		443B8DD51D09FE2F00F5CDBB /* SunriseViewController.swift */ = {isa = PBXFileReference; lastKnownFileType = sourcecode.swift; path = SunriseViewController.swift; sourceTree = "<group>"; };
		443B8DDA1D09FE2F00F5CDBB /* Assets.xcassets */ = {isa = PBXFileReference; lastKnownFileType = folder.assetcatalog; path = Assets.xcassets; sourceTree = "<group>"; };
		443B8DDD1D09FE2F00F5CDBB /* Base */ = {isa = PBXFileReference; lastKnownFileType = file.storyboard; name = Base; path = Base.lproj/LaunchScreen.storyboard; sourceTree = "<group>"; };
		443B8DDF1D09FE2F00F5CDBB /* Info.plist */ = {isa = PBXFileReference; lastKnownFileType = text.plist.xml; path = Info.plist; sourceTree = "<group>"; };
		443B8DE41D09FE2F00F5CDBB /* Sunrise & Sunset.xctest */ = {isa = PBXFileReference; explicitFileType = wrapper.cfbundle; includeInIndex = 0; path = "Sunrise & Sunset.xctest"; sourceTree = BUILT_PRODUCTS_DIR; };
		443B8DE81D09FE2F00F5CDBB /* LunarTimesTests.swift */ = {isa = PBXFileReference; lastKnownFileType = sourcecode.swift; path = LunarTimesTests.swift; sourceTree = "<group>"; };
		443B8DEA1D09FE2F00F5CDBB /* Info.plist */ = {isa = PBXFileReference; lastKnownFileType = text.plist.xml; path = Info.plist; sourceTree = "<group>"; };
		6881CB6B1648E82B9C529D51 /* Pods-Sunrise & Sunset.debug.xcconfig */ = {isa = PBXFileReference; includeInIndex = 1; lastKnownFileType = text.xcconfig; name = "Pods-Sunrise & Sunset.debug.xcconfig"; path = "Pods/Target Support Files/Pods-Sunrise & Sunset/Pods-Sunrise & Sunset.debug.xcconfig"; sourceTree = "<group>"; };
		6A7BF18696D579D51D285EEB /* Pods-Sunrise & SunsetTests.debug.xcconfig */ = {isa = PBXFileReference; includeInIndex = 1; lastKnownFileType = text.xcconfig; name = "Pods-Sunrise & SunsetTests.debug.xcconfig"; path = "Pods/Target Support Files/Pods-Sunrise & SunsetTests/Pods-Sunrise & SunsetTests.debug.xcconfig"; sourceTree = "<group>"; };
		7369F129C4A0BE6BC13B3578 /* Pods_Sunrise___Sunset.framework */ = {isa = PBXFileReference; explicitFileType = wrapper.framework; includeInIndex = 0; path = "Pods_Sunrise___Sunset.framework"; sourceTree = BUILT_PRODUCTS_DIR; };
		C631C5D24740823C9ADEB579 /* Pods_Sunrise___SunsetTests.framework */ = {isa = PBXFileReference; explicitFileType = wrapper.framework; includeInIndex = 0; path = "Pods_Sunrise___SunsetTests.framework"; sourceTree = BUILT_PRODUCTS_DIR; };
		E018307B23BFF1D8007DED35 /* WeatherInfoViewController.swift */ = {isa = PBXFileReference; lastKnownFileType = sourcecode.swift; path = WeatherInfoViewController.swift; sourceTree = "<group>"; };
		E048EB35217FF017008A4807 /* ColorsConfig.swift */ = {isa = PBXFileReference; lastKnownFileType = sourcecode.swift; path = ColorsConfig.swift; sourceTree = "<group>"; };
		E0660B0423B5883400A19E07 /* HourlyWeatherViewController.swift */ = {isa = PBXFileReference; lastKnownFileType = sourcecode.swift; path = HourlyWeatherViewController.swift; sourceTree = "<group>"; };
		E06F4D2A23C0DF880018BAD8 /* TwoColumnCollectionFlow.swift */ = {isa = PBXFileReference; lastKnownFileType = sourcecode.swift; path = TwoColumnCollectionFlow.swift; sourceTree = "<group>"; };
		E07534771ED89BED007D372B /* GoogleService-Info.plist */ = {isa = PBXFileReference; fileEncoding = 4; lastKnownFileType = text.plist.xml; path = "GoogleService-Info.plist"; sourceTree = SOURCE_ROOT; };
		E094B75323B29B08002AACA6 /* WeatherViewController.swift */ = {isa = PBXFileReference; lastKnownFileType = sourcecode.swift; path = WeatherViewController.swift; sourceTree = "<group>"; };
		E094B75523B29B64002AACA6 /* WeatherRequest.swift */ = {isa = PBXFileReference; lastKnownFileType = sourcecode.swift; path = WeatherRequest.swift; sourceTree = "<group>"; };
		E094B75723B29EF2002AACA6 /* TabBarViewController.swift */ = {isa = PBXFileReference; lastKnownFileType = sourcecode.swift; path = TabBarViewController.swift; sourceTree = "<group>"; };
		E0D5A449232D191A00E10FE0 /* SunriseSunsetRequest.swift */ = {isa = PBXFileReference; lastKnownFileType = sourcecode.swift; path = SunriseSunsetRequest.swift; sourceTree = "<group>"; };
/* End PBXFileReference section */

/* Begin PBXFrameworksBuildPhase section */
		443B8DCD1D09FE2F00F5CDBB /* Frameworks */ = {
			isa = PBXFrameworksBuildPhase;
			buildActionMask = 2147483647;
			files = (
				50F76D16C96E258C66CECA8F /* Pods_Sunrise___Sunset.framework in Frameworks */,
			);
			runOnlyForDeploymentPostprocessing = 0;
		};
		443B8DE11D09FE2F00F5CDBB /* Frameworks */ = {
			isa = PBXFrameworksBuildPhase;
			buildActionMask = 2147483647;
			files = (
				6F5B2FD234A3F3EB7BB6CCE8 /* Pods_Sunrise___SunsetTests.framework in Frameworks */,
			);
			runOnlyForDeploymentPostprocessing = 0;
		};
/* End PBXFrameworksBuildPhase section */

/* Begin PBXGroup section */
		443B8DC71D09FE2F00F5CDBB = {
			isa = PBXGroup;
			children = (
				443B8DD21D09FE2F00F5CDBB /* LunarTimes */,
				443B8DE71D09FE2F00F5CDBB /* LunarTimesTests */,
				443B8DD11D09FE2F00F5CDBB /* Products */,
				EA69EB1D9D7A746A5439CA2A /* Pods */,
				B9F4A9892EE750D200B75F04 /* Frameworks */,
			);
			sourceTree = "<group>";
		};
		443B8DD11D09FE2F00F5CDBB /* Products */ = {
			isa = PBXGroup;
			children = (
				443B8DD01D09FE2F00F5CDBB /* Sunrise & Sunset.app */,
				443B8DE41D09FE2F00F5CDBB /* Sunrise & Sunset.xctest */,
			);
			name = Products;
			sourceTree = "<group>";
		};
		443B8DD21D09FE2F00F5CDBB /* LunarTimes */ = {
			isa = PBXGroup;
			children = (
				E06F4D2923C0DF640018BAD8 /* Components */,
				E0660B0323B5881200A19E07 /* Weather */,
				E075347A1ED89BFF007D372B /* Extras */,
				443B8DD51D09FE2F00F5CDBB /* SunriseViewController.swift */,
				4401C5921D156D8800700CE3 /* Main.storyboard */,
				443B8DDA1D09FE2F00F5CDBB /* Assets.xcassets */,
				E048EB35217FF017008A4807 /* ColorsConfig.swift */,
				E0D5A449232D191A00E10FE0 /* SunriseSunsetRequest.swift */,
				E094B75723B29EF2002AACA6 /* TabBarViewController.swift */,
			);
			path = LunarTimes;
			sourceTree = "<group>";
		};
		443B8DE71D09FE2F00F5CDBB /* LunarTimesTests */ = {
			isa = PBXGroup;
			children = (
				443B8DE81D09FE2F00F5CDBB /* LunarTimesTests.swift */,
				443B8DEA1D09FE2F00F5CDBB /* Info.plist */,
			);
			path = LunarTimesTests;
			sourceTree = "<group>";
		};
		B9F4A9892EE750D200B75F04 /* Frameworks */ = {
			isa = PBXGroup;
			children = (
				7369F129C4A0BE6BC13B3578 /* Pods_Sunrise___Sunset.framework */,
				C631C5D24740823C9ADEB579 /* Pods_Sunrise___SunsetTests.framework */,
			);
			name = Frameworks;
			sourceTree = "<group>";
		};
		E0660B0323B5881200A19E07 /* Weather */ = {
			isa = PBXGroup;
			children = (
				E094B75323B29B08002AACA6 /* WeatherViewController.swift */,
				E094B75523B29B64002AACA6 /* WeatherRequest.swift */,
				E0660B0423B5883400A19E07 /* HourlyWeatherViewController.swift */,
				E018307B23BFF1D8007DED35 /* WeatherInfoViewController.swift */,
			);
			name = Weather;
			sourceTree = "<group>";
		};
		E06F4D2923C0DF640018BAD8 /* Components */ = {
			isa = PBXGroup;
			children = (
				E06F4D2A23C0DF880018BAD8 /* TwoColumnCollectionFlow.swift */,
			);
			name = Components;
			sourceTree = "<group>";
		};
		E075347A1ED89BFF007D372B /* Extras */ = {
			isa = PBXGroup;
			children = (
				443B8DD31D09FE2F00F5CDBB /* AppDelegate.swift */,
				E07534771ED89BED007D372B /* GoogleService-Info.plist */,
				443B8DDC1D09FE2F00F5CDBB /* LaunchScreen.storyboard */,
				443B8DDF1D09FE2F00F5CDBB /* Info.plist */,
			);
			name = Extras;
			sourceTree = "<group>";
		};
		EA69EB1D9D7A746A5439CA2A /* Pods */ = {
			isa = PBXGroup;
			children = (
				6881CB6B1648E82B9C529D51 /* Pods-Sunrise & Sunset.debug.xcconfig */,
				0F8C1B319C80B4DC413629E8 /* Pods-Sunrise & Sunset.release.xcconfig */,
				6A7BF18696D579D51D285EEB /* Pods-Sunrise & SunsetTests.debug.xcconfig */,
				3D429924C83A5D7C2911287E /* Pods-Sunrise & SunsetTests.release.xcconfig */,
			);
			name = Pods;
			sourceTree = "<group>";
		};
/* End PBXGroup section */

/* Begin PBXNativeTarget section */
		443B8DCF1D09FE2F00F5CDBB /* Sunrise & Sunset */ = {
			isa = PBXNativeTarget;
			buildConfigurationList = 443B8DED1D09FE2F00F5CDBB /* Build configuration list for PBXNativeTarget "Sunrise & Sunset" */;
			buildPhases = (
				526DF8C7E103C7F97926EA40 /* [CP] Check Pods Manifest.lock */,
				443B8DCC1D09FE2F00F5CDBB /* Sources */,
				443B8DCD1D09FE2F00F5CDBB /* Frameworks */,
				443B8DCE1D09FE2F00F5CDBB /* Resources */,
				F7EBE2F61B691125800802E9 /* [CP] Embed Pods Frameworks */,
				E066E3BE23B5389C00F489A1 /* ShellScript */,
			);
			buildRules = (
			);
			dependencies = (
			);
			name = "Sunrise & Sunset";
			productName = LunarTimes;
			productReference = 443B8DD01D09FE2F00F5CDBB /* Sunrise & Sunset.app */;
			productType = "com.apple.product-type.application";
		};
		443B8DE31D09FE2F00F5CDBB /* Sunrise & SunsetTests */ = {
			isa = PBXNativeTarget;
			buildConfigurationList = 443B8DF01D09FE2F00F5CDBB /* Build configuration list for PBXNativeTarget "Sunrise & SunsetTests" */;
			buildPhases = (
				411A6622A06B249CE058B117 /* [CP] Check Pods Manifest.lock */,
				443B8DE01D09FE2F00F5CDBB /* Sources */,
				443B8DE11D09FE2F00F5CDBB /* Frameworks */,
				443B8DE21D09FE2F00F5CDBB /* Resources */,
			);
			buildRules = (
			);
			dependencies = (
				443B8DE61D09FE2F00F5CDBB /* PBXTargetDependency */,
			);
			name = "Sunrise & SunsetTests";
			productName = LunarTimesTests;
			productReference = 443B8DE41D09FE2F00F5CDBB /* Sunrise & Sunset.xctest */;
			productType = "com.apple.product-type.bundle.unit-test";
		};
/* End PBXNativeTarget section */

/* Begin PBXProject section */
		443B8DC81D09FE2F00F5CDBB /* Project object */ = {
			isa = PBXProject;
			attributes = {
				LastSwiftUpdateCheck = 0730;
				LastUpgradeCheck = 1020;
				ORGANIZATIONNAME = LetsHangLLC;
				TargetAttributes = {
					443B8DCF1D09FE2F00F5CDBB = {
						CreatedOnToolsVersion = 7.3.1;
						DevelopmentTeam = 56NQ7Z9L75;
						LastSwiftMigration = 0920;
					};
					443B8DE31D09FE2F00F5CDBB = {
						CreatedOnToolsVersion = 7.3.1;
						LastSwiftMigration = 0930;
						TestTargetID = 443B8DCF1D09FE2F00F5CDBB;
					};
				};
			};
			buildConfigurationList = 443B8DCB1D09FE2F00F5CDBB /* Build configuration list for PBXProject "Sunrise & Sunset" */;
			compatibilityVersion = "Xcode 3.2";
			developmentRegion = en;
			hasScannedForEncodings = 0;
			knownRegions = (
				en,
				Base,
			);
			mainGroup = 443B8DC71D09FE2F00F5CDBB;
			productRefGroup = 443B8DD11D09FE2F00F5CDBB /* Products */;
			projectDirPath = "";
			projectRoot = "";
			targets = (
				443B8DCF1D09FE2F00F5CDBB /* Sunrise & Sunset */,
				443B8DE31D09FE2F00F5CDBB /* Sunrise & SunsetTests */,
			);
		};
/* End PBXProject section */

/* Begin PBXResourcesBuildPhase section */
		443B8DCE1D09FE2F00F5CDBB /* Resources */ = {
			isa = PBXResourcesBuildPhase;
			buildActionMask = 2147483647;
			files = (
				4401C5941D156D8800700CE3 /* Main.storyboard in Resources */,
				E07534781ED89BED007D372B /* GoogleService-Info.plist in Resources */,
				443B8DDE1D09FE2F00F5CDBB /* LaunchScreen.storyboard in Resources */,
				443B8DDB1D09FE2F00F5CDBB /* Assets.xcassets in Resources */,
			);
			runOnlyForDeploymentPostprocessing = 0;
		};
		443B8DE21D09FE2F00F5CDBB /* Resources */ = {
			isa = PBXResourcesBuildPhase;
			buildActionMask = 2147483647;
			files = (
				E07534791ED89BED007D372B /* GoogleService-Info.plist in Resources */,
			);
			runOnlyForDeploymentPostprocessing = 0;
		};
/* End PBXResourcesBuildPhase section */

/* Begin PBXShellScriptBuildPhase section */
		411A6622A06B249CE058B117 /* [CP] Check Pods Manifest.lock */ = {
			isa = PBXShellScriptBuildPhase;
			buildActionMask = 2147483647;
			files = (
			);
			inputPaths = (
				"${PODS_PODFILE_DIR_PATH}/Podfile.lock",
				"${PODS_ROOT}/Manifest.lock",
			);
			name = "[CP] Check Pods Manifest.lock";
			outputPaths = (
				"$(DERIVED_FILE_DIR)/Pods-Sunrise & SunsetTests-checkManifestLockResult.txt",
			);
			runOnlyForDeploymentPostprocessing = 0;
			shellPath = /bin/sh;
			shellScript = "diff \"${PODS_PODFILE_DIR_PATH}/Podfile.lock\" \"${PODS_ROOT}/Manifest.lock\" > /dev/null\nif [ $? != 0 ] ; then\n    # print error to STDERR\n    echo \"error: The sandbox is not in sync with the Podfile.lock. Run 'pod install' or update your CocoaPods installation.\" >&2\n    exit 1\nfi\n# This output is used by Xcode 'outputs' to avoid re-running this script phase.\necho \"SUCCESS\" > \"${SCRIPT_OUTPUT_FILE_0}\"\n";
			showEnvVarsInLog = 0;
		};
		526DF8C7E103C7F97926EA40 /* [CP] Check Pods Manifest.lock */ = {
			isa = PBXShellScriptBuildPhase;
			buildActionMask = 2147483647;
			files = (
			);
			inputPaths = (
				"${PODS_PODFILE_DIR_PATH}/Podfile.lock",
				"${PODS_ROOT}/Manifest.lock",
			);
			name = "[CP] Check Pods Manifest.lock";
			outputPaths = (
				"$(DERIVED_FILE_DIR)/Pods-Sunrise & Sunset-checkManifestLockResult.txt",
			);
			runOnlyForDeploymentPostprocessing = 0;
			shellPath = /bin/sh;
			shellScript = "diff \"${PODS_PODFILE_DIR_PATH}/Podfile.lock\" \"${PODS_ROOT}/Manifest.lock\" > /dev/null\nif [ $? != 0 ] ; then\n    # print error to STDERR\n    echo \"error: The sandbox is not in sync with the Podfile.lock. Run 'pod install' or update your CocoaPods installation.\" >&2\n    exit 1\nfi\n# This output is used by Xcode 'outputs' to avoid re-running this script phase.\necho \"SUCCESS\" > \"${SCRIPT_OUTPUT_FILE_0}\"\n";
			showEnvVarsInLog = 0;
		};
		E066E3BE23B5389C00F489A1 /* ShellScript */ = {
			isa = PBXShellScriptBuildPhase;
			buildActionMask = 2147483647;
			files = (
			);
			inputFileListPaths = (
			);
			inputPaths = (
			);
			outputFileListPaths = (
			);
			outputPaths = (
			);
			runOnlyForDeploymentPostprocessing = 0;
			shellPath = /bin/sh;
			shellScript = "# Type a script or drag a script file from your workspace to insert its path.\n\"${PODS_ROOT}/Fabric/run\"\n";
		};
		F7EBE2F61B691125800802E9 /* [CP] Embed Pods Frameworks */ = {
			isa = PBXShellScriptBuildPhase;
			buildActionMask = 2147483647;
			files = (
			);
			inputPaths = (
				"${PODS_ROOT}/Target Support Files/Pods-Sunrise & Sunset/Pods-Sunrise & Sunset-frameworks.sh",
				"${BUILT_PRODUCTS_DIR}/Alamofire/Alamofire.framework",
				"${BUILT_PRODUCTS_DIR}/DatePickerDialog/DatePickerDialog.framework",
				"${BUILT_PRODUCTS_DIR}/GoogleUtilities/GoogleUtilities.framework",
				"${BUILT_PRODUCTS_DIR}/LhHelpers/LhHelpers.framework",
				"${BUILT_PRODUCTS_DIR}/LocationPicker/LocationPicker.framework",
				"${BUILT_PRODUCTS_DIR}/SwiftyJSON/SwiftyJSON.framework",
				"${BUILT_PRODUCTS_DIR}/nanopb/nanopb.framework",
			);
			name = "[CP] Embed Pods Frameworks";
			outputPaths = (
				"${TARGET_BUILD_DIR}/${FRAMEWORKS_FOLDER_PATH}/Alamofire.framework",
				"${TARGET_BUILD_DIR}/${FRAMEWORKS_FOLDER_PATH}/DatePickerDialog.framework",
				"${TARGET_BUILD_DIR}/${FRAMEWORKS_FOLDER_PATH}/GoogleUtilities.framework",
				"${TARGET_BUILD_DIR}/${FRAMEWORKS_FOLDER_PATH}/LhHelpers.framework",
				"${TARGET_BUILD_DIR}/${FRAMEWORKS_FOLDER_PATH}/LocationPicker.framework",
				"${TARGET_BUILD_DIR}/${FRAMEWORKS_FOLDER_PATH}/SwiftyJSON.framework",
				"${TARGET_BUILD_DIR}/${FRAMEWORKS_FOLDER_PATH}/nanopb.framework",
			);
			runOnlyForDeploymentPostprocessing = 0;
			shellPath = /bin/sh;
			shellScript = "\"${PODS_ROOT}/Target Support Files/Pods-Sunrise & Sunset/Pods-Sunrise & Sunset-frameworks.sh\"\n";
			showEnvVarsInLog = 0;
		};
/* End PBXShellScriptBuildPhase section */

/* Begin PBXSourcesBuildPhase section */
		443B8DCC1D09FE2F00F5CDBB /* Sources */ = {
			isa = PBXSourcesBuildPhase;
			buildActionMask = 2147483647;
			files = (
				E094B75623B29B64002AACA6 /* WeatherRequest.swift in Sources */,
				443B8DD61D09FE2F00F5CDBB /* SunriseViewController.swift in Sources */,
				E018307C23BFF1D8007DED35 /* WeatherInfoViewController.swift in Sources */,
				E0660B0523B5883400A19E07 /* HourlyWeatherViewController.swift in Sources */,
				E06F4D2B23C0DF880018BAD8 /* TwoColumnCollectionFlow.swift in Sources */,
				E094B75423B29B08002AACA6 /* WeatherViewController.swift in Sources */,
				E0D5A44A232D191A00E10FE0 /* SunriseSunsetRequest.swift in Sources */,
				E094B75823B29EF2002AACA6 /* TabBarViewController.swift in Sources */,
				E048EB36217FF017008A4807 /* ColorsConfig.swift in Sources */,
				443B8DD41D09FE2F00F5CDBB /* AppDelegate.swift in Sources */,
			);
			runOnlyForDeploymentPostprocessing = 0;
		};
		443B8DE01D09FE2F00F5CDBB /* Sources */ = {
			isa = PBXSourcesBuildPhase;
			buildActionMask = 2147483647;
			files = (
				443B8DE91D09FE2F00F5CDBB /* LunarTimesTests.swift in Sources */,
			);
			runOnlyForDeploymentPostprocessing = 0;
		};
/* End PBXSourcesBuildPhase section */

/* Begin PBXTargetDependency section */
		443B8DE61D09FE2F00F5CDBB /* PBXTargetDependency */ = {
			isa = PBXTargetDependency;
			target = 443B8DCF1D09FE2F00F5CDBB /* Sunrise & Sunset */;
			targetProxy = 443B8DE51D09FE2F00F5CDBB /* PBXContainerItemProxy */;
		};
/* End PBXTargetDependency section */

/* Begin PBXVariantGroup section */
		4401C5921D156D8800700CE3 /* Main.storyboard */ = {
			isa = PBXVariantGroup;
			children = (
				4401C5931D156D8800700CE3 /* Base */,
			);
			name = Main.storyboard;
			sourceTree = "<group>";
		};
		443B8DDC1D09FE2F00F5CDBB /* LaunchScreen.storyboard */ = {
			isa = PBXVariantGroup;
			children = (
				443B8DDD1D09FE2F00F5CDBB /* Base */,
			);
			name = LaunchScreen.storyboard;
			sourceTree = "<group>";
		};
/* End PBXVariantGroup section */

/* Begin XCBuildConfiguration section */
		443B8DEB1D09FE2F00F5CDBB /* Debug */ = {
			isa = XCBuildConfiguration;
			buildSettings = {
				ALWAYS_SEARCH_USER_PATHS = NO;
				CLANG_ANALYZER_LOCALIZABILITY_NONLOCALIZED = YES;
				CLANG_ANALYZER_NONNULL = YES;
				CLANG_CXX_LANGUAGE_STANDARD = "gnu++0x";
				CLANG_CXX_LIBRARY = "libc++";
				CLANG_ENABLE_MODULES = YES;
				CLANG_ENABLE_OBJC_ARC = YES;
				CLANG_WARN_BLOCK_CAPTURE_AUTORELEASING = YES;
				CLANG_WARN_BOOL_CONVERSION = YES;
				CLANG_WARN_COMMA = YES;
				CLANG_WARN_CONSTANT_CONVERSION = YES;
				CLANG_WARN_DEPRECATED_OBJC_IMPLEMENTATIONS = YES;
				CLANG_WARN_DIRECT_OBJC_ISA_USAGE = YES_ERROR;
				CLANG_WARN_EMPTY_BODY = YES;
				CLANG_WARN_ENUM_CONVERSION = YES;
				CLANG_WARN_INFINITE_RECURSION = YES;
				CLANG_WARN_INT_CONVERSION = YES;
				CLANG_WARN_NON_LITERAL_NULL_CONVERSION = YES;
				CLANG_WARN_OBJC_IMPLICIT_RETAIN_SELF = YES;
				CLANG_WARN_OBJC_LITERAL_CONVERSION = YES;
				CLANG_WARN_OBJC_ROOT_CLASS = YES_ERROR;
				CLANG_WARN_RANGE_LOOP_ANALYSIS = YES;
				CLANG_WARN_STRICT_PROTOTYPES = YES;
				CLANG_WARN_SUSPICIOUS_MOVE = YES;
				CLANG_WARN_UNREACHABLE_CODE = YES;
				CLANG_WARN__DUPLICATE_METHOD_MATCH = YES;
				"CODE_SIGN_IDENTITY[sdk=iphoneos*]" = "iPhone Developer";
				COPY_PHASE_STRIP = NO;
				DEBUG_INFORMATION_FORMAT = dwarf;
				ENABLE_STRICT_OBJC_MSGSEND = YES;
				ENABLE_TESTABILITY = YES;
				GCC_C_LANGUAGE_STANDARD = gnu99;
				GCC_DYNAMIC_NO_PIC = NO;
				GCC_NO_COMMON_BLOCKS = YES;
				GCC_OPTIMIZATION_LEVEL = 0;
				GCC_PREPROCESSOR_DEFINITIONS = (
					"DEBUG=1",
					"$(inherited)",
				);
				GCC_WARN_64_TO_32_BIT_CONVERSION = YES;
				GCC_WARN_ABOUT_RETURN_TYPE = YES_ERROR;
				GCC_WARN_UNDECLARED_SELECTOR = YES;
				GCC_WARN_UNINITIALIZED_AUTOS = YES_AGGRESSIVE;
				GCC_WARN_UNUSED_FUNCTION = YES;
				GCC_WARN_UNUSED_VARIABLE = YES;
				IPHONEOS_DEPLOYMENT_TARGET = 10.3;
				MTL_ENABLE_DEBUG_INFO = YES;
				ONLY_ACTIVE_ARCH = YES;
				SDKROOT = iphoneos;
				SWIFT_OPTIMIZATION_LEVEL = "-Onone";
				SWIFT_VERSION = 5.0;
				TARGETED_DEVICE_FAMILY = "1,2";
			};
			name = Debug;
		};
		443B8DEC1D09FE2F00F5CDBB /* Release */ = {
			isa = XCBuildConfiguration;
			buildSettings = {
				ALWAYS_SEARCH_USER_PATHS = NO;
				CLANG_ANALYZER_LOCALIZABILITY_NONLOCALIZED = YES;
				CLANG_ANALYZER_NONNULL = YES;
				CLANG_CXX_LANGUAGE_STANDARD = "gnu++0x";
				CLANG_CXX_LIBRARY = "libc++";
				CLANG_ENABLE_MODULES = YES;
				CLANG_ENABLE_OBJC_ARC = YES;
				CLANG_WARN_BLOCK_CAPTURE_AUTORELEASING = YES;
				CLANG_WARN_BOOL_CONVERSION = YES;
				CLANG_WARN_COMMA = YES;
				CLANG_WARN_CONSTANT_CONVERSION = YES;
				CLANG_WARN_DEPRECATED_OBJC_IMPLEMENTATIONS = YES;
				CLANG_WARN_DIRECT_OBJC_ISA_USAGE = YES_ERROR;
				CLANG_WARN_EMPTY_BODY = YES;
				CLANG_WARN_ENUM_CONVERSION = YES;
				CLANG_WARN_INFINITE_RECURSION = YES;
				CLANG_WARN_INT_CONVERSION = YES;
				CLANG_WARN_NON_LITERAL_NULL_CONVERSION = YES;
				CLANG_WARN_OBJC_IMPLICIT_RETAIN_SELF = YES;
				CLANG_WARN_OBJC_LITERAL_CONVERSION = YES;
				CLANG_WARN_OBJC_ROOT_CLASS = YES_ERROR;
				CLANG_WARN_RANGE_LOOP_ANALYSIS = YES;
				CLANG_WARN_STRICT_PROTOTYPES = YES;
				CLANG_WARN_SUSPICIOUS_MOVE = YES;
				CLANG_WARN_UNREACHABLE_CODE = YES;
				CLANG_WARN__DUPLICATE_METHOD_MATCH = YES;
				"CODE_SIGN_IDENTITY[sdk=iphoneos*]" = "iPhone Developer";
				COPY_PHASE_STRIP = NO;
				DEBUG_INFORMATION_FORMAT = "dwarf-with-dsym";
				ENABLE_NS_ASSERTIONS = NO;
				ENABLE_STRICT_OBJC_MSGSEND = YES;
				GCC_C_LANGUAGE_STANDARD = gnu99;
				GCC_NO_COMMON_BLOCKS = YES;
				GCC_WARN_64_TO_32_BIT_CONVERSION = YES;
				GCC_WARN_ABOUT_RETURN_TYPE = YES_ERROR;
				GCC_WARN_UNDECLARED_SELECTOR = YES;
				GCC_WARN_UNINITIALIZED_AUTOS = YES_AGGRESSIVE;
				GCC_WARN_UNUSED_FUNCTION = YES;
				GCC_WARN_UNUSED_VARIABLE = YES;
				IPHONEOS_DEPLOYMENT_TARGET = 10.3;
				MTL_ENABLE_DEBUG_INFO = NO;
				SDKROOT = iphoneos;
				SWIFT_COMPILATION_MODE = wholemodule;
				SWIFT_VERSION = 5.0;
				TARGETED_DEVICE_FAMILY = "1,2";
				VALIDATE_PRODUCT = YES;
			};
			name = Release;
		};
		443B8DEE1D09FE2F00F5CDBB /* Debug */ = {
			isa = XCBuildConfiguration;
			baseConfigurationReference = 6881CB6B1648E82B9C529D51 /* Pods-Sunrise & Sunset.debug.xcconfig */;
			buildSettings = {
				ASSETCATALOG_COMPILER_APPICON_NAME = AppIcon;
				CODE_SIGN_IDENTITY = "iPhone Developer";
				CURRENT_PROJECT_VERSION = 4;
				DEVELOPMENT_TEAM = 56NQ7Z9L75;
				ENABLE_BITCODE = NO;
				FRAMEWORK_SEARCH_PATHS = "$(inherited)/**";
				INFOPLIST_FILE = LunarTimes/Info.plist;
				LD_RUNPATH_SEARCH_PATHS = "$(inherited) @executable_path/Frameworks";
				MARKETING_VERSION = 3.01;
				ONLY_ACTIVE_ARCH = YES;
				PRODUCT_BUNDLE_IDENTIFIER = us.letshang.lunartimes;
				PRODUCT_NAME = "Sunrise & Sunset";
				SWIFT_OBJC_BRIDGING_HEADER = "";
				SWIFT_SWIFT3_OBJC_INFERENCE = On;
				SWIFT_VERSION = 5.0;
			};
			name = Debug;
		};
		443B8DEF1D09FE2F00F5CDBB /* Release */ = {
			isa = XCBuildConfiguration;
			baseConfigurationReference = 0F8C1B319C80B4DC413629E8 /* Pods-Sunrise & Sunset.release.xcconfig */;
			buildSettings = {
				ASSETCATALOG_COMPILER_APPICON_NAME = AppIcon;
				CODE_SIGN_IDENTITY = "iPhone Developer";
				CURRENT_PROJECT_VERSION = 4;
				DEVELOPMENT_TEAM = 56NQ7Z9L75;
				ENABLE_BITCODE = NO;
				FRAMEWORK_SEARCH_PATHS = "$(inherited)/**";
				INFOPLIST_FILE = LunarTimes/Info.plist;
				LD_RUNPATH_SEARCH_PATHS = "$(inherited) @executable_path/Frameworks";
				MARKETING_VERSION = 3.01;
				PRODUCT_BUNDLE_IDENTIFIER = us.letshang.lunartimes;
				PRODUCT_NAME = "Sunrise & Sunset";
				SWIFT_OBJC_BRIDGING_HEADER = "";
				SWIFT_SWIFT3_OBJC_INFERENCE = On;
				SWIFT_VERSION = 5.0;
			};
			name = Release;
		};
		443B8DF11D09FE2F00F5CDBB /* Debug */ = {
			isa = XCBuildConfiguration;
			baseConfigurationReference = 6A7BF18696D579D51D285EEB /* Pods-Sunrise & SunsetTests.debug.xcconfig */;
			buildSettings = {
				BUNDLE_LOADER = "$(TEST_HOST)";
				INFOPLIST_FILE = LunarTimesTests/Info.plist;
				LD_RUNPATH_SEARCH_PATHS = "$(inherited) @executable_path/Frameworks @loader_path/Frameworks";
				PRODUCT_BUNDLE_IDENTIFIER = us.letshang.LunarTimesTests;
				PRODUCT_NAME = "Sunrise & Sunset";
				SWIFT_SWIFT3_OBJC_INFERENCE = On;
				SWIFT_VERSION = 5.0;
				TEST_HOST = "$(BUILT_PRODUCTS_DIR)/Sunrise & Sunset.app/Sunrise & Sunset";
			};
			name = Debug;
		};
		443B8DF21D09FE2F00F5CDBB /* Release */ = {
			isa = XCBuildConfiguration;
			baseConfigurationReference = 3D429924C83A5D7C2911287E /* Pods-Sunrise & SunsetTests.release.xcconfig */;
			buildSettings = {
				BUNDLE_LOADER = "$(TEST_HOST)";
				INFOPLIST_FILE = LunarTimesTests/Info.plist;
				LD_RUNPATH_SEARCH_PATHS = "$(inherited) @executable_path/Frameworks @loader_path/Frameworks";
				PRODUCT_BUNDLE_IDENTIFIER = us.letshang.LunarTimesTests;
				PRODUCT_NAME = "Sunrise & Sunset";
				SWIFT_SWIFT3_OBJC_INFERENCE = On;
				SWIFT_VERSION = 5.0;
				TEST_HOST = "$(BUILT_PRODUCTS_DIR)/Sunrise & Sunset.app/Sunrise & Sunset";
			};
			name = Release;
		};
/* End XCBuildConfiguration section */

/* Begin XCConfigurationList section */
		443B8DCB1D09FE2F00F5CDBB /* Build configuration list for PBXProject "Sunrise & Sunset" */ = {
			isa = XCConfigurationList;
			buildConfigurations = (
				443B8DEB1D09FE2F00F5CDBB /* Debug */,
				443B8DEC1D09FE2F00F5CDBB /* Release */,
			);
			defaultConfigurationIsVisible = 0;
			defaultConfigurationName = Release;
		};
		443B8DED1D09FE2F00F5CDBB /* Build configuration list for PBXNativeTarget "Sunrise & Sunset" */ = {
			isa = XCConfigurationList;
			buildConfigurations = (
				443B8DEE1D09FE2F00F5CDBB /* Debug */,
				443B8DEF1D09FE2F00F5CDBB /* Release */,
			);
			defaultConfigurationIsVisible = 0;
			defaultConfigurationName = Release;
		};
		443B8DF01D09FE2F00F5CDBB /* Build configuration list for PBXNativeTarget "Sunrise & SunsetTests" */ = {
			isa = XCConfigurationList;
			buildConfigurations = (
				443B8DF11D09FE2F00F5CDBB /* Debug */,
				443B8DF21D09FE2F00F5CDBB /* Release */,
			);
			defaultConfigurationIsVisible = 0;
			defaultConfigurationName = Release;
		};
/* End XCConfigurationList section */
	};
	rootObject = 443B8DC81D09FE2F00F5CDBB /* Project object */;
}
